
Microsoft Visual Studio Solution File, Format Version 12.00
# Visual Studio 2012
Project("{FAE04EC0-301F-11D3-BF4B-00C04F79EFBC}") = "AmharicBibleProcessor", "AmharicBibleProcessor\AmharicBibleProcessor.csproj", "{B42A02F4-3B02-4EAC-8803-4015D0E7D05C}"
EndProject
Project("{FAE04EC0-301F-11D3-BF4B-00C04F79EFBC}") = "ePubProcessor", "ePubProcessor\ePubProcessor.csproj", "{7B523B78-80F0-4167-B13A-F711B278A0E9}"
EndProject
Project("{FAE04EC0-301F-11D3-BF4B-00C04F79EFBC}") = "SQLite", "SQLite\SQLite.csproj", "{40C27EA8-39E6-48D0-8F0E-78405247BF22}"
EndProject
Project("{FAE04EC0-301F-11D3-BF4B-00C04F79EFBC}") = "verse-extractor", "verse-extractor\verse-extractor.csproj", "{D4038402-6B09-4193-B138-B0162E725DB2}"
EndProject
Project("{FAE04EC0-301F-11D3-BF4B-00C04F79EFBC}") = "Bible", "Bible\Bible.csproj", "{A3581003-06D0-4A19-B935-A9A089157D42}"
EndProject
Project("{FAE04EC0-301F-11D3-BF4B-00C04F79EFBC}") = "ConsoleAppTest", "ConsoleAppTest\ConsoleAppTest.csproj", "{EB48DF47-01E0-4F65-9992-80E4BD1A653F}"
EndProject
Project("{FAE04EC0-301F-11D3-BF4B-00C04F79EFBC}") = "WindowsAppTest", "WindowsAppTest\WindowsAppTest.csproj", "{B6DCFC59-0AAF-4CD2-BFDE-259B27C06F51}"
EndProject
Project("{FAE04EC0-301F-11D3-BF4B-00C04F79EFBC}") = "PDFReader", "PDFReader\PDFReader.csproj", "{AE833018-0E95-4589-B353-E356D6AF0F9F}"
EndProject
Global
	GlobalSection(SolutionConfigurationPlatforms) = preSolution
		Debug|Any CPU = Debug|Any CPU
		Release|Any CPU = Release|Any CPU
	EndGlobalSection
	GlobalSection(ProjectConfigurationPlatforms) = postSolution
		{B42A02F4-3B02-4EAC-8803-4015D0E7D05C}.Debug|Any CPU.ActiveCfg = Debug|Any CPU
		{B42A02F4-3B02-4EAC-8803-4015D0E7D05C}.Debug|Any CPU.Build.0 = Debug|Any CPU
		{B42A02F4-3B02-4EAC-8803-4015D0E7D05C}.Release|Any CPU.ActiveCfg = Release|Any CPU
		{B42A02F4-3B02-4EAC-8803-4015D0E7D05C}.Release|Any CPU.Build.0 = Release|Any CPU
		{7B523B78-80F0-4167-B13A-F711B278A0E9}.Debug|Any CPU.ActiveCfg = Debug|Any CPU
		{7B523B78-80F0-4167-B13A-F711B278A0E9}.Debug|Any CPU.Build.0 = Debug|Any CPU
		{7B523B78-80F0-4167-B13A-F711B278A0E9}.Release|Any CPU.ActiveCfg = Release|Any CPU
		{7B523B78-80F0-4167-B13A-F711B278A0E9}.Release|Any CPU.Build.0 = Release|Any CPU
		{40C27EA8-39E6-48D0-8F0E-78405247BF22}.Debug|Any CPU.ActiveCfg = Debug|Any CPU
		{40C27EA8-39E6-48D0-8F0E-78405247BF22}.Debug|Any CPU.Build.0 = Debug|Any CPU
		{40C27EA8-39E6-48D0-8F0E-78405247BF22}.Release|Any CPU.ActiveCfg = Release|Any CPU
		{40C27EA8-39E6-48D0-8F0E-78405247BF22}.Release|Any CPU.Build.0 = Release|Any CPU
		{D4038402-6B09-4193-B138-B0162E725DB2}.Debug|Any CPU.ActiveCfg = Debug|Any CPU
		{D4038402-6B09-4193-B138-B0162E725DB2}.Debug|Any CPU.Build.0 = Debug|Any CPU
		{D4038402-6B09-4193-B138-B0162E725DB2}.Release|Any CPU.ActiveCfg = Release|Any CPU
		{D4038402-6B09-4193-B138-B0162E725DB2}.Release|Any CPU.Build.0 = Release|Any CPU
		{A3581003-06D0-4A19-B935-A9A089157D42}.Debug|Any CPU.ActiveCfg = Debug|Any CPU
		{A3581003-06D0-4A19-B935-A9A089157D42}.Debug|Any CPU.Build.0 = Debug|Any CPU
		{A3581003-06D0-4A19-B935-A9A089157D42}.Release|Any CPU.ActiveCfg = Release|Any CPU
		{A3581003-06D0-4A19-B935-A9A089157D42}.Release|Any CPU.Build.0 = Release|Any CPU
		{EB48DF47-01E0-4F65-9992-80E4BD1A653F}.Debug|Any CPU.ActiveCfg = Debug|Any CPU
		{EB48DF47-01E0-4F65-9992-80E4BD1A653F}.Debug|Any CPU.Build.0 = Debug|Any CPU
		{EB48DF47-01E0-4F65-9992-80E4BD1A653F}.Release|Any CPU.ActiveCfg = Release|Any CPU
		{EB48DF47-01E0-4F65-9992-80E4BD1A653F}.Release|Any CPU.Build.0 = Release|Any CPU
		{B6DCFC59-0AAF-4CD2-BFDE-259B27C06F51}.Debug|Any CPU.ActiveCfg = Debug|Any CPU
		{B6DCFC59-0AAF-4CD2-BFDE-259B27C06F51}.Debug|Any CPU.Build.0 = Debug|Any CPU
		{B6DCFC59-0AAF-4CD2-BFDE-259B27C06F51}.Release|Any CPU.ActiveCfg = Release|Any CPU
		{B6DCFC59-0AAF-4CD2-BFDE-259B27C06F51}.Release|Any CPU.Build.0 = Release|Any CPU
		{AE833018-0E95-4589-B353-E356D6AF0F9F}.Debug|Any CPU.ActiveCfg = Debug|Any CPU
		{AE833018-0E95-4589-B353-E356D6AF0F9F}.Debug|Any CPU.Build.0 = Debug|Any CPU
		{AE833018-0E95-4589-B353-E356D6AF0F9F}.Release|Any CPU.ActiveCfg = Release|Any CPU
		{AE833018-0E95-4589-B353-E356D6AF0F9F}.Release|Any CPU.Build.0 = Release|Any CPU
	EndGlobalSection
	GlobalSection(SolutionProperties) = preSolution
		HideSolutionNode = FALSE
	EndGlobalSection
EndGlobal
